
Microsoft Visual Studio Solution File, Format Version 12.00
# Visual Studio Version 16
VisualStudioVersion = 16.0.31205.134
MinimumVisualStudioVersion = 10.0.40219.1
Project("{9A19103F-16F7-4668-BE54-9A1E7A4F7556}") = "MyProject", "MyProject\MyProject.csproj", "{6BE06723-06FF-4A42-BAA8-CA80BDF3008D}"
EndProject
Project("{9A19103F-16F7-4668-BE54-9A1E7A4F7556}") = "MyProject.Model", "MyProject.Model\MyProject.Model.csproj", "{5E37C82E-7B70-4C41-B725-FBB19211BDDD}"
EndProject
Project("{FAE04EC0-301F-11D3-BF4B-00C04F79EFBC}") = "VeryCommon", "VeryCommon\VeryCommon.csproj", "{0FFC89BE-6DEA-48BF-9773-BBC7A7A59FD3}"
EndProject
Global
	GlobalSection(SolutionConfigurationPlatforms) = preSolution
		Debug|Any CPU = Debug|Any CPU
		Release|Any CPU = Release|Any CPU
	EndGlobalSection
	GlobalSection(ProjectConfigurationPlatforms) = postSolution
		{6BE06723-06FF-4A42-BAA8-CA80BDF3008D}.Debug|Any CPU.ActiveCfg = Debug|Any CPU
		{6BE06723-06FF-4A42-BAA8-CA80BDF3008D}.Debug|Any CPU.Build.0 = Debug|Any CPU
		{6BE06723-06FF-4A42-BAA8-CA80BDF3008D}.Release|Any CPU.ActiveCfg = Release|Any CPU
		{6BE06723-06FF-4A42-BAA8-CA80BDF3008D}.Release|Any CPU.Build.0 = Release|Any CPU
		{5E37C82E-7B70-4C41-B725-FBB19211BDDD}.Debug|Any CPU.ActiveCfg = Debug|Any CPU
		{5E37C82E-7B70-4C41-B725-FBB19211BDDD}.Debug|Any CPU.Build.0 = Debug|Any CPU
		{5E37C82E-7B70-4C41-B725-FBB19211BDDD}.Release|Any CPU.ActiveCfg = Release|Any CPU
		{5E37C82E-7B70-4C41-B725-FBB19211BDDD}.Release|Any CPU.Build.0 = Release|Any CPU
		{0FFC89BE-6DEA-48BF-9773-BBC7A7A59FD3}.Debug|Any CPU.ActiveCfg = Debug|Any CPU
		{0FFC89BE-6DEA-48BF-9773-BBC7A7A59FD3}.Debug|Any CPU.Build.0 = Debug|Any CPU
		{0FFC89BE-6DEA-48BF-9773-BBC7A7A59FD3}.Release|Any CPU.ActiveCfg = Release|Any CPU
		{0FFC89BE-6DEA-48BF-9773-BBC7A7A59FD3}.Release|Any CPU.Build.0 = Release|Any CPU
	EndGlobalSection
	GlobalSection(SolutionProperties) = preSolution
		HideSolutionNode = FALSE
	EndGlobalSection
	GlobalSection(ExtensibilityGlobals) = postSolution
		SolutionGuid = {8B0B4448-EF31-42CC-99F2-12FFFA1F80FC}
	EndGlobalSection
EndGlobal
